// !$*UTF8*$!
{
	archiveVersion = 1;
	classes = {
	};
	objectVersion = 56;
	objects = {

/* Begin PBXBuildFile section */
		322B3F0A291AFF3300327C04 /* ExpenseJournal.swift in Sources */ = {isa = PBXBuildFile; fileRef = 322B3F09291AFF3300327C04 /* ExpenseJournal.swift */; };
		322B3F17291B165900327C04 /* Expense+CoreDataClass.swift in Sources */ = {isa = PBXBuildFile; fileRef = 322B3F13291B165800327C04 /* Expense+CoreDataClass.swift */; };
		322B3F18291B165900327C04 /* Expense+CoreDataProperties.swift in Sources */ = {isa = PBXBuildFile; fileRef = 322B3F14291B165800327C04 /* Expense+CoreDataProperties.swift */; };
		322B3F19291B165900327C04 /* Category+CoreDataClass.swift in Sources */ = {isa = PBXBuildFile; fileRef = 322B3F15291B165800327C04 /* Category+CoreDataClass.swift */; };
		322B3F1A291B165900327C04 /* Category+CoreDataProperties.swift in Sources */ = {isa = PBXBuildFile; fileRef = 322B3F16291B165900327C04 /* Category+CoreDataProperties.swift */; };
		322B3F1C291B1AF000327C04 /* TableModel.swift in Sources */ = {isa = PBXBuildFile; fileRef = 322B3F1B291B1AEF00327C04 /* TableModel.swift */; };
		322B3F1E291B292800327C04 /* ExpenseCategoryMapper.swift in Sources */ = {isa = PBXBuildFile; fileRef = 322B3F1D291B292800327C04 /* ExpenseCategoryMapper.swift */; };
		322B3F20291B2A6900327C04 /* ExpenseCategoryModel.swift in Sources */ = {isa = PBXBuildFile; fileRef = 322B3F1F291B2A6900327C04 /* ExpenseCategoryModel.swift */; };
		322B3F22291B30F200327C04 /* AddExpenseViewController.swift in Sources */ = {isa = PBXBuildFile; fileRef = 322B3F21291B30F200327C04 /* AddExpenseViewController.swift */; };
		3237A6C4291AF67900C646DA /* ExpensesViewController.swift in Sources */ = {isa = PBXBuildFile; fileRef = 3237A6C3291AF67900C646DA /* ExpensesViewController.swift */; };
		32E2AD44291AD899005C0BC2 /* AppDelegate.swift in Sources */ = {isa = PBXBuildFile; fileRef = 32E2AD43291AD899005C0BC2 /* AppDelegate.swift */; };
		32E2AD46291AD899005C0BC2 /* SceneDelegate.swift in Sources */ = {isa = PBXBuildFile; fileRef = 32E2AD45291AD899005C0BC2 /* SceneDelegate.swift */; };
		32E2AD4B291AD899005C0BC2 /* Main.storyboard in Resources */ = {isa = PBXBuildFile; fileRef = 32E2AD49291AD899005C0BC2 /* Main.storyboard */; };
		32E2AD4E291AD899005C0BC2 /* ExpenseManager.xcdatamodeld in Sources */ = {isa = PBXBuildFile; fileRef = 32E2AD4C291AD899005C0BC2 /* ExpenseManager.xcdatamodeld */; };
		32E2AD50291AD89A005C0BC2 /* Assets.xcassets in Resources */ = {isa = PBXBuildFile; fileRef = 32E2AD4F291AD89A005C0BC2 /* Assets.xcassets */; };
		32E2AD53291AD89A005C0BC2 /* LaunchScreen.storyboard in Resources */ = {isa = PBXBuildFile; fileRef = 32E2AD51291AD89A005C0BC2 /* LaunchScreen.storyboard */; };
/* End PBXBuildFile section */

/* Begin PBXFileReference section */
		322B3F09291AFF3300327C04 /* ExpenseJournal.swift */ = {isa = PBXFileReference; lastKnownFileType = sourcecode.swift; path = ExpenseJournal.swift; sourceTree = "<group>"; };
		322B3F13291B165800327C04 /* Expense+CoreDataClass.swift */ = {isa = PBXFileReference; fileEncoding = 4; lastKnownFileType = sourcecode.swift; path = "Expense+CoreDataClass.swift"; sourceTree = "<group>"; };
		322B3F14291B165800327C04 /* Expense+CoreDataProperties.swift */ = {isa = PBXFileReference; fileEncoding = 4; lastKnownFileType = sourcecode.swift; path = "Expense+CoreDataProperties.swift"; sourceTree = "<group>"; };
		322B3F15291B165800327C04 /* Category+CoreDataClass.swift */ = {isa = PBXFileReference; fileEncoding = 4; lastKnownFileType = sourcecode.swift; path = "Category+CoreDataClass.swift"; sourceTree = "<group>"; };
		322B3F16291B165900327C04 /* Category+CoreDataProperties.swift */ = {isa = PBXFileReference; fileEncoding = 4; lastKnownFileType = sourcecode.swift; path = "Category+CoreDataProperties.swift"; sourceTree = "<group>"; };
		322B3F1B291B1AEF00327C04 /* TableModel.swift */ = {isa = PBXFileReference; lastKnownFileType = sourcecode.swift; path = TableModel.swift; sourceTree = "<group>"; };
		322B3F1D291B292800327C04 /* ExpenseCategoryMapper.swift */ = {isa = PBXFileReference; lastKnownFileType = sourcecode.swift; path = ExpenseCategoryMapper.swift; sourceTree = "<group>"; };
		322B3F1F291B2A6900327C04 /* ExpenseCategoryModel.swift */ = {isa = PBXFileReference; lastKnownFileType = sourcecode.swift; path = ExpenseCategoryModel.swift; sourceTree = "<group>"; };
		322B3F21291B30F200327C04 /* AddExpenseViewController.swift */ = {isa = PBXFileReference; lastKnownFileType = sourcecode.swift; path = AddExpenseViewController.swift; sourceTree = "<group>"; };
		3237A6C3291AF67900C646DA /* ExpensesViewController.swift */ = {isa = PBXFileReference; lastKnownFileType = sourcecode.swift; path = ExpensesViewController.swift; sourceTree = "<group>"; };
		32E2AD40291AD899005C0BC2 /* ExpenseManager.app */ = {isa = PBXFileReference; explicitFileType = wrapper.application; includeInIndex = 0; path = ExpenseManager.app; sourceTree = BUILT_PRODUCTS_DIR; };
		32E2AD43291AD899005C0BC2 /* AppDelegate.swift */ = {isa = PBXFileReference; lastKnownFileType = sourcecode.swift; path = AppDelegate.swift; sourceTree = "<group>"; };
		32E2AD45291AD899005C0BC2 /* SceneDelegate.swift */ = {isa = PBXFileReference; lastKnownFileType = sourcecode.swift; path = SceneDelegate.swift; sourceTree = "<group>"; };
		32E2AD4A291AD899005C0BC2 /* Base */ = {isa = PBXFileReference; lastKnownFileType = file.storyboard; name = Base; path = Base.lproj/Main.storyboard; sourceTree = "<group>"; };
		32E2AD4D291AD899005C0BC2 /* ExpenseManager.xcdatamodel */ = {isa = PBXFileReference; lastKnownFileType = wrapper.xcdatamodel; path = ExpenseManager.xcdatamodel; sourceTree = "<group>"; };
		32E2AD4F291AD89A005C0BC2 /* Assets.xcassets */ = {isa = PBXFileReference; lastKnownFileType = folder.assetcatalog; path = Assets.xcassets; sourceTree = "<group>"; };
		32E2AD52291AD89A005C0BC2 /* Base */ = {isa = PBXFileReference; lastKnownFileType = file.storyboard; name = Base; path = Base.lproj/LaunchScreen.storyboard; sourceTree = "<group>"; };
		32E2AD54291AD89A005C0BC2 /* Info.plist */ = {isa = PBXFileReference; lastKnownFileType = text.plist.xml; path = Info.plist; sourceTree = "<group>"; };
/* End PBXFileReference section */

/* Begin PBXFrameworksBuildPhase section */
		32E2AD3D291AD899005C0BC2 /* Frameworks */ = {
			isa = PBXFrameworksBuildPhase;
			buildActionMask = 2147483647;
			files = (
			);
			runOnlyForDeploymentPostprocessing = 0;
		};
/* End PBXFrameworksBuildPhase section */

/* Begin PBXGroup section */
		3219A23C291AF0A800061502 /* Views */ = {
			isa = PBXGroup;
			children = (
				3219A240291AF0CB00061502 /* xibs */,
				3219A23F291AF0C400061502 /* Storyboards */,
			);
			path = Views;
			sourceTree = "<group>";
		};
		3219A23D291AF0AE00061502 /* Models */ = {
			isa = PBXGroup;
			children = (
				322B3F09291AFF3300327C04 /* ExpenseJournal.swift */,
				322B3F1B291B1AEF00327C04 /* TableModel.swift */,
				322B3F1D291B292800327C04 /* ExpenseCategoryMapper.swift */,
				322B3F1F291B2A6900327C04 /* ExpenseCategoryModel.swift */,
			);
			path = Models;
			sourceTree = "<group>";
		};
		3219A23E291AF0BC00061502 /* Controllers */ = {
			isa = PBXGroup;
			children = (
				3237A6C3291AF67900C646DA /* ExpensesViewController.swift */,
				322B3F21291B30F200327C04 /* AddExpenseViewController.swift */,
			);
			path = Controllers;
			sourceTree = "<group>";
		};
		3219A23F291AF0C400061502 /* Storyboards */ = {
			isa = PBXGroup;
			children = (
				32E2AD49291AD899005C0BC2 /* Main.storyboard */,
				32E2AD51291AD89A005C0BC2 /* LaunchScreen.storyboard */,
			);
			path = Storyboards;
			sourceTree = "<group>";
		};
		3219A240291AF0CB00061502 /* xibs */ = {
			isa = PBXGroup;
			children = (
			);
			path = xibs;
			sourceTree = "<group>";
		};
		3219A241291AF0D700061502 /* Data */ = {
			isa = PBXGroup;
			children = (
				3219A244291AF1AA00061502 /* Entities */,
				32E2AD4C291AD899005C0BC2 /* ExpenseManager.xcdatamodeld */,
			);
			path = Data;
			sourceTree = "<group>";
		};
		3219A244291AF1AA00061502 /* Entities */ = {
			isa = PBXGroup;
			children = (
				326E7E7C291B39E500632252 /* Category */,
				326E7E7B291B39DE00632252 /* Expense */,
			);
			path = Entities;
			sourceTree = "<group>";
		};
		326E7E7B291B39DE00632252 /* Expense */ = {
			isa = PBXGroup;
			children = (
				322B3F13291B165800327C04 /* Expense+CoreDataClass.swift */,
				322B3F14291B165800327C04 /* Expense+CoreDataProperties.swift */,
			);
			path = Expense;
			sourceTree = "<group>";
		};
		326E7E7C291B39E500632252 /* Category */ = {
			isa = PBXGroup;
			children = (
				322B3F15291B165800327C04 /* Category+CoreDataClass.swift */,
				322B3F16291B165900327C04 /* Category+CoreDataProperties.swift */,
			);
			path = Category;
			sourceTree = "<group>";
		};
		32E2AD37291AD899005C0BC2 = {
			isa = PBXGroup;
			children = (
				32E2AD42291AD899005C0BC2 /* ExpenseManager */,
				32E2AD41291AD899005C0BC2 /* Products */,
			);
			sourceTree = "<group>";
		};
		32E2AD41291AD899005C0BC2 /* Products */ = {
			isa = PBXGroup;
			children = (
				32E2AD40291AD899005C0BC2 /* ExpenseManager.app */,
			);
			name = Products;
			sourceTree = "<group>";
		};
		32E2AD42291AD899005C0BC2 /* ExpenseManager */ = {
			isa = PBXGroup;
			children = (
				3219A23C291AF0A800061502 /* Views */,
				3219A23E291AF0BC00061502 /* Controllers */,
				3219A23D291AF0AE00061502 /* Models */,
				3219A241291AF0D700061502 /* Data */,
				32E2AD43291AD899005C0BC2 /* AppDelegate.swift */,
				32E2AD45291AD899005C0BC2 /* SceneDelegate.swift */,
				32E2AD4F291AD89A005C0BC2 /* Assets.xcassets */,
				32E2AD54291AD89A005C0BC2 /* Info.plist */,
			);
			path = ExpenseManager;
			sourceTree = "<group>";
		};
/* End PBXGroup section */

/* Begin PBXNativeTarget section */
		32E2AD3F291AD899005C0BC2 /* ExpenseManager */ = {
			isa = PBXNativeTarget;
			buildConfigurationList = 32E2AD57291AD89A005C0BC2 /* Build configuration list for PBXNativeTarget "ExpenseManager" */;
			buildPhases = (
				32E2AD3C291AD899005C0BC2 /* Sources */,
				32E2AD3D291AD899005C0BC2 /* Frameworks */,
				32E2AD3E291AD899005C0BC2 /* Resources */,
			);
			buildRules = (
			);
			dependencies = (
			);
			name = ExpenseManager;
			productName = ExpenseManager;
			productReference = 32E2AD40291AD899005C0BC2 /* ExpenseManager.app */;
			productType = "com.apple.product-type.application";
		};
/* End PBXNativeTarget section */

/* Begin PBXProject section */
		32E2AD38291AD899005C0BC2 /* Project object */ = {
			isa = PBXProject;
			attributes = {
				BuildIndependentTargetsInParallel = 1;
				LastSwiftUpdateCheck = 1410;
				LastUpgradeCheck = 1410;
				TargetAttributes = {
					32E2AD3F291AD899005C0BC2 = {
						CreatedOnToolsVersion = 14.1;
					};
				};
			};
			buildConfigurationList = 32E2AD3B291AD899005C0BC2 /* Build configuration list for PBXProject "ExpenseManager" */;
			compatibilityVersion = "Xcode 14.0";
			developmentRegion = en;
			hasScannedForEncodings = 0;
			knownRegions = (
				en,
				Base,
			);
			mainGroup = 32E2AD37291AD899005C0BC2;
			productRefGroup = 32E2AD41291AD899005C0BC2 /* Products */;
			projectDirPath = "";
			projectRoot = "";
			targets = (
				32E2AD3F291AD899005C0BC2 /* ExpenseManager */,
			);
		};
/* End PBXProject section */

/* Begin PBXResourcesBuildPhase section */
		32E2AD3E291AD899005C0BC2 /* Resources */ = {
			isa = PBXResourcesBuildPhase;
			buildActionMask = 2147483647;
			files = (
				32E2AD53291AD89A005C0BC2 /* LaunchScreen.storyboard in Resources */,
				32E2AD50291AD89A005C0BC2 /* Assets.xcassets in Resources */,
				32E2AD4B291AD899005C0BC2 /* Main.storyboard in Resources */,
			);
			runOnlyForDeploymentPostprocessing = 0;
		};
/* End PBXResourcesBuildPhase section */

/* Begin PBXSourcesBuildPhase section */
		32E2AD3C291AD899005C0BC2 /* Sources */ = {
			isa = PBXSourcesBuildPhase;
			buildActionMask = 2147483647;
			files = (
				3237A6C4291AF67900C646DA /* ExpensesViewController.swift in Sources */,
				322B3F1A291B165900327C04 /* Category+CoreDataProperties.swift in Sources */,
				322B3F19291B165900327C04 /* Category+CoreDataClass.swift in Sources */,
				322B3F22291B30F200327C04 /* AddExpenseViewController.swift in Sources */,
				32E2AD44291AD899005C0BC2 /* AppDelegate.swift in Sources */,
				322B3F0A291AFF3300327C04 /* ExpenseJournal.swift in Sources */,
				322B3F1E291B292800327C04 /* ExpenseCategoryMapper.swift in Sources */,
				322B3F20291B2A6900327C04 /* ExpenseCategoryModel.swift in Sources */,
				32E2AD4E291AD899005C0BC2 /* ExpenseManager.xcdatamodeld in Sources */,
				322B3F1C291B1AF000327C04 /* TableModel.swift in Sources */,
				322B3F17291B165900327C04 /* Expense+CoreDataClass.swift in Sources */,
				322B3F18291B165900327C04 /* Expense+CoreDataProperties.swift in Sources */,
				32E2AD46291AD899005C0BC2 /* SceneDelegate.swift in Sources */,
			);
			runOnlyForDeploymentPostprocessing = 0;
		};
/* End PBXSourcesBuildPhase section */

/* Begin PBXVariantGroup section */
		32E2AD49291AD899005C0BC2 /* Main.storyboard */ = {
			isa = PBXVariantGroup;
			children = (
				32E2AD4A291AD899005C0BC2 /* Base */,
			);
			name = Main.storyboard;
			sourceTree = "<group>";
		};
		32E2AD51291AD89A005C0BC2 /* LaunchScreen.storyboard */ = {
			isa = PBXVariantGroup;
			children = (
				32E2AD52291AD89A005C0BC2 /* Base */,
			);
			name = LaunchScreen.storyboard;
			sourceTree = "<group>";
		};
/* End PBXVariantGroup section */

/* Begin XCBuildConfiguration section */
		32E2AD55291AD89A005C0BC2 /* Debug */ = {
			isa = XCBuildConfiguration;
			buildSettings = {
				ALWAYS_SEARCH_USER_PATHS = NO;
				CLANG_ANALYZER_NONNULL = YES;
				CLANG_ANALYZER_NUMBER_OBJECT_CONVERSION = YES_AGGRESSIVE;
				CLANG_CXX_LANGUAGE_STANDARD = "gnu++20";
				CLANG_ENABLE_MODULES = YES;
				CLANG_ENABLE_OBJC_ARC = YES;
				CLANG_ENABLE_OBJC_WEAK = YES;
				CLANG_WARN_BLOCK_CAPTURE_AUTORELEASING = YES;
				CLANG_WARN_BOOL_CONVERSION = YES;
				CLANG_WARN_COMMA = YES;
				CLANG_WARN_CONSTANT_CONVERSION = YES;
				CLANG_WARN_DEPRECATED_OBJC_IMPLEMENTATIONS = YES;
				CLANG_WARN_DIRECT_OBJC_ISA_USAGE = YES_ERROR;
				CLANG_WARN_DOCUMENTATION_COMMENTS = YES;
				CLANG_WARN_EMPTY_BODY = YES;
				CLANG_WARN_ENUM_CONVERSION = YES;
				CLANG_WARN_INFINITE_RECURSION = YES;
				CLANG_WARN_INT_CONVERSION = YES;
				CLANG_WARN_NON_LITERAL_NULL_CONVERSION = YES;
				CLANG_WARN_OBJC_IMPLICIT_RETAIN_SELF = YES;
				CLANG_WARN_OBJC_LITERAL_CONVERSION = YES;
				CLANG_WARN_OBJC_ROOT_CLASS = YES_ERROR;
				CLANG_WARN_QUOTED_INCLUDE_IN_FRAMEWORK_HEADER = YES;
				CLANG_WARN_RANGE_LOOP_ANALYSIS = YES;
				CLANG_WARN_STRICT_PROTOTYPES = YES;
				CLANG_WARN_SUSPICIOUS_MOVE = YES;
				CLANG_WARN_UNGUARDED_AVAILABILITY = YES_AGGRESSIVE;
				CLANG_WARN_UNREACHABLE_CODE = YES;
				CLANG_WARN__DUPLICATE_METHOD_MATCH = YES;
				COPY_PHASE_STRIP = NO;
				DEBUG_INFORMATION_FORMAT = dwarf;
				ENABLE_STRICT_OBJC_MSGSEND = YES;
				ENABLE_TESTABILITY = YES;
				GCC_C_LANGUAGE_STANDARD = gnu11;
				GCC_DYNAMIC_NO_PIC = NO;
				GCC_NO_COMMON_BLOCKS = YES;
				GCC_OPTIMIZATION_LEVEL = 0;
				GCC_PREPROCESSOR_DEFINITIONS = (
					"DEBUG=1",
					"$(inherited)",
				);
				GCC_WARN_64_TO_32_BIT_CONVERSION = YES;
				GCC_WARN_ABOUT_RETURN_TYPE = YES_ERROR;
				GCC_WARN_UNDECLARED_SELECTOR = YES;
				GCC_WARN_UNINITIALIZED_AUTOS = YES_AGGRESSIVE;
				GCC_WARN_UNUSED_FUNCTION = YES;
				GCC_WARN_UNUSED_VARIABLE = YES;
				IPHONEOS_DEPLOYMENT_TARGET = 16.1;
				MTL_ENABLE_DEBUG_INFO = INCLUDE_SOURCE;
				MTL_FAST_MATH = YES;
				ONLY_ACTIVE_ARCH = YES;
				SDKROOT = iphoneos;
				SWIFT_ACTIVE_COMPILATION_CONDITIONS = DEBUG;
				SWIFT_OPTIMIZATION_LEVEL = "-Onone";
			};
			name = Debug;
		};
		32E2AD56291AD89A005C0BC2 /* Release */ = {
			isa = XCBuildConfiguration;
			buildSettings = {
				ALWAYS_SEARCH_USER_PATHS = NO;
				CLANG_ANALYZER_NONNULL = YES;
				CLANG_ANALYZER_NUMBER_OBJECT_CONVERSION = YES_AGGRESSIVE;
				CLANG_CXX_LANGUAGE_STANDARD = "gnu++20";
				CLANG_ENABLE_MODULES = YES;
				CLANG_ENABLE_OBJC_ARC = YES;
				CLANG_ENABLE_OBJC_WEAK = YES;
				CLANG_WARN_BLOCK_CAPTURE_AUTORELEASING = YES;
				CLANG_WARN_BOOL_CONVERSION = YES;
				CLANG_WARN_COMMA = YES;
				CLANG_WARN_CONSTANT_CONVERSION = YES;
				CLANG_WARN_DEPRECATED_OBJC_IMPLEMENTATIONS = YES;
				CLANG_WARN_DIRECT_OBJC_ISA_USAGE = YES_ERROR;
				CLANG_WARN_DOCUMENTATION_COMMENTS = YES;
				CLANG_WARN_EMPTY_BODY = YES;
				CLANG_WARN_ENUM_CONVERSION = YES;
				CLANG_WARN_INFINITE_RECURSION = YES;
				CLANG_WARN_INT_CONVERSION = YES;
				CLANG_WARN_NON_LITERAL_NULL_CONVERSION = YES;
				CLANG_WARN_OBJC_IMPLICIT_RETAIN_SELF = YES;
				CLANG_WARN_OBJC_LITERAL_CONVERSION = YES;
				CLANG_WARN_OBJC_ROOT_CLASS = YES_ERROR;
				CLANG_WARN_QUOTED_INCLUDE_IN_FRAMEWORK_HEADER = YES;
				CLANG_WARN_RANGE_LOOP_ANALYSIS = YES;
				CLANG_WARN_STRICT_PROTOTYPES = YES;
				CLANG_WARN_SUSPICIOUS_MOVE = YES;
				CLANG_WARN_UNGUARDED_AVAILABILITY = YES_AGGRESSIVE;
				CLANG_WARN_UNREACHABLE_CODE = YES;
				CLANG_WARN__DUPLICATE_METHOD_MATCH = YES;
				COPY_PHASE_STRIP = NO;
				DEBUG_INFORMATION_FORMAT = "dwarf-with-dsym";
				ENABLE_NS_ASSERTIONS = NO;
				ENABLE_STRICT_OBJC_MSGSEND = YES;
				GCC_C_LANGUAGE_STANDARD = gnu11;
				GCC_NO_COMMON_BLOCKS = YES;
				GCC_WARN_64_TO_32_BIT_CONVERSION = YES;
				GCC_WARN_ABOUT_RETURN_TYPE = YES_ERROR;
				GCC_WARN_UNDECLARED_SELECTOR = YES;
				GCC_WARN_UNINITIALIZED_AUTOS = YES_AGGRESSIVE;
				GCC_WARN_UNUSED_FUNCTION = YES;
				GCC_WARN_UNUSED_VARIABLE = YES;
				IPHONEOS_DEPLOYMENT_TARGET = 16.1;
				MTL_ENABLE_DEBUG_INFO = NO;
				MTL_FAST_MATH = YES;
				SDKROOT = iphoneos;
				SWIFT_COMPILATION_MODE = wholemodule;
				SWIFT_OPTIMIZATION_LEVEL = "-O";
				VALIDATE_PRODUCT = YES;
			};
			name = Release;
		};
		32E2AD58291AD89A005C0BC2 /* Debug */ = {
			isa = XCBuildConfiguration;
			buildSettings = {
				ASSETCATALOG_COMPILER_APPICON_NAME = AppIcon;
				ASSETCATALOG_COMPILER_GLOBAL_ACCENT_COLOR_NAME = AccentColor;
				CODE_SIGN_STYLE = Automatic;
				CURRENT_PROJECT_VERSION = 1;
				DEVELOPMENT_TEAM = K52ZJY2M9Y;
				GENERATE_INFOPLIST_FILE = YES;
				INFOPLIST_FILE = ExpenseManager/Info.plist;
				INFOPLIST_KEY_CFBundleDisplayName = "Expense Manager";
				INFOPLIST_KEY_LSApplicationCategoryType = "public.app-category.finance";
				INFOPLIST_KEY_UIApplicationSupportsIndirectInputEvents = YES;
				INFOPLIST_KEY_UILaunchStoryboardName = "";
				INFOPLIST_KEY_UIMainStoryboardFile = Main;
				INFOPLIST_KEY_UIStatusBarStyle = "";
				INFOPLIST_KEY_UISupportedInterfaceOrientations = UIInterfaceOrientationPortrait;
				INFOPLIST_KEY_UISupportedInterfaceOrientations_iPad = "UIInterfaceOrientationLandscapeLeft UIInterfaceOrientationLandscapeRight UIInterfaceOrientationPortrait UIInterfaceOrientationPortraitUpsideDown";
				IPHONEOS_DEPLOYMENT_TARGET = 15.0;
				LD_RUNPATH_SEARCH_PATHS = (
					"$(inherited)",
					"@executable_path/Frameworks",
				);
				MARKETING_VERSION = 1.0;
				PRODUCT_BUNDLE_IDENTIFIER = com.tinkldeath.ExpenseManager;
				PRODUCT_NAME = "$(TARGET_NAME)";
				SUPPORTED_PLATFORMS = "iphoneos iphonesimulator";
				SUPPORTS_MACCATALYST = NO;
				SUPPORTS_MAC_DESIGNED_FOR_IPHONE_IPAD = NO;
				SWIFT_EMIT_LOC_STRINGS = YES;
				SWIFT_VERSION = 5.0;
				TARGETED_DEVICE_FAMILY = 1;
			};
			name = Debug;
		};
		32E2AD59291AD89A005C0BC2 /* Release */ = {
			isa = XCBuildConfiguration;
			buildSettings = {
				ASSETCATALOG_COMPILER_APPICON_NAME = AppIcon;
				ASSETCATALOG_COMPILER_GLOBAL_ACCENT_COLOR_NAME = AccentColor;
				CODE_SIGN_STYLE = Automatic;
				CURRENT_PROJECT_VERSION = 1;
				DEVELOPMENT_TEAM = K52ZJY2M9Y;
				GENERATE_INFOPLIST_FILE = YES;
				INFOPLIST_FILE = ExpenseManager/Info.plist;
				INFOPLIST_KEY_CFBundleDisplayName = "Expense Manager";
				INFOPLIST_KEY_LSApplicationCategoryType = "public.app-category.finance";
				INFOPLIST_KEY_UIApplicationSupportsIndirectInputEvents = YES;
				INFOPLIST_KEY_UILaunchStoryboardName = "";
				INFOPLIST_KEY_UIMainStoryboardFile = Main;
				INFOPLIST_KEY_UIStatusBarStyle = "";
				INFOPLIST_KEY_UISupportedInterfaceOrientations = UIInterfaceOrientationPortrait;
				INFOPLIST_KEY_UISupportedInterfaceOrientations_iPad = "UIInterfaceOrientationLandscapeLeft UIInterfaceOrientationLandscapeRight UIInterfaceOrientationPortrait UIInterfaceOrientationPortraitUpsideDown";
				IPHONEOS_DEPLOYMENT_TARGET = 15.0;
				LD_RUNPATH_SEARCH_PATHS = (
					"$(inherited)",
					"@executable_path/Frameworks",
				);
				MARKETING_VERSION = 1.0;
				PRODUCT_BUNDLE_IDENTIFIER = com.tinkldeath.ExpenseManager;
				PRODUCT_NAME = "$(TARGET_NAME)";
				SUPPORTED_PLATFORMS = "iphoneos iphonesimulator";
				SUPPORTS_MACCATALYST = NO;
				SUPPORTS_MAC_DESIGNED_FOR_IPHONE_IPAD = NO;
				SWIFT_EMIT_LOC_STRINGS = YES;
				SWIFT_VERSION = 5.0;
				TARGETED_DEVICE_FAMILY = 1;
			};
			name = Release;
		};
/* End XCBuildConfiguration section */

/* Begin XCConfigurationList section */
		32E2AD3B291AD899005C0BC2 /* Build configuration list for PBXProject "ExpenseManager" */ = {
			isa = XCConfigurationList;
			buildConfigurations = (
				32E2AD55291AD89A005C0BC2 /* Debug */,
				32E2AD56291AD89A005C0BC2 /* Release */,
			);
			defaultConfigurationIsVisible = 0;
			defaultConfigurationName = Release;
		};
		32E2AD57291AD89A005C0BC2 /* Build configuration list for PBXNativeTarget "ExpenseManager" */ = {
			isa = XCConfigurationList;
			buildConfigurations = (
				32E2AD58291AD89A005C0BC2 /* Debug */,
				32E2AD59291AD89A005C0BC2 /* Release */,
			);
			defaultConfigurationIsVisible = 0;
			defaultConfigurationName = Release;
		};
/* End XCConfigurationList section */

/* Begin XCVersionGroup section */
		32E2AD4C291AD899005C0BC2 /* ExpenseManager.xcdatamodeld */ = {
			isa = XCVersionGroup;
			children = (
				32E2AD4D291AD899005C0BC2 /* ExpenseManager.xcdatamodel */,
			);
			currentVersion = 32E2AD4D291AD899005C0BC2 /* ExpenseManager.xcdatamodel */;
			path = ExpenseManager.xcdatamodeld;
			sourceTree = "<group>";
			versionGroupType = wrapper.xcdatamodel;
		};
/* End XCVersionGroup section */
	};
	rootObject = 32E2AD38291AD899005C0BC2 /* Project object */;
}
